{
  "pins" : [
    {
      "identity" : "swift-extensions-library",
      "kind" : "remoteSourceControl",
      "location" : "https://github.com/Aynur19/swift-extensions-library.git",
      "state" : {
        "branch" : "main",
        "revision" : "b06ce7c6497d40093d99b261e9db0abacb506f46"
      }
    }
  ],
  "version" : 2
}
